// !$*UTF8*$!
{
	archiveVersion = 1;
	classes = {
	};
	objectVersion = 55;
	objects = {

/* Begin PBXBuildFile section */
		ED6D8F5328D43E9300466105 /* NetworkManager.swift in Sources */ = {isa = PBXBuildFile; fileRef = ED6D8F5228D43E9300466105 /* NetworkManager.swift */; };
		EDD0A24028D314BD009D4563 /* NotesEntity.swift in Sources */ = {isa = PBXBuildFile; fileRef = EDD0A23F28D314BD009D4563 /* NotesEntity.swift */; };
		EDD0A24328D32BB5009D4563 /* ImageTransformer.swift in Sources */ = {isa = PBXBuildFile; fileRef = EDD0A24228D32BB5009D4563 /* ImageTransformer.swift */; };
		EDD0A24528D34105009D4563 /* CustomButton.swift in Sources */ = {isa = PBXBuildFile; fileRef = EDD0A24428D34105009D4563 /* CustomButton.swift */; };
		EDD0A24A28D34AE0009D4563 /* SimpleToast in Frameworks */ = {isa = PBXBuildFile; productRef = EDD0A24928D34AE0009D4563 /* SimpleToast */; };
		EDDB6E1028CC412B0068B680 /* NoteAppApp.swift in Sources */ = {isa = PBXBuildFile; fileRef = EDDB6E0F28CC412B0068B680 /* NoteAppApp.swift */; };
		EDDB6E1428CC412E0068B680 /* Assets.xcassets in Resources */ = {isa = PBXBuildFile; fileRef = EDDB6E1328CC412E0068B680 /* Assets.xcassets */; };
		EDDB6E1728CC412E0068B680 /* Preview Assets.xcassets in Resources */ = {isa = PBXBuildFile; fileRef = EDDB6E1628CC412E0068B680 /* Preview Assets.xcassets */; };
		EDDB6E2628CC412F0068B680 /* NoteAppTests.swift in Sources */ = {isa = PBXBuildFile; fileRef = EDDB6E2528CC412F0068B680 /* NoteAppTests.swift */; };
		EDDB6E3028CC412F0068B680 /* NoteAppUITests.swift in Sources */ = {isa = PBXBuildFile; fileRef = EDDB6E2F28CC412F0068B680 /* NoteAppUITests.swift */; };
		EDDB6E3228CC412F0068B680 /* NoteAppUITestsLaunchTests.swift in Sources */ = {isa = PBXBuildFile; fileRef = EDDB6E3128CC412F0068B680 /* NoteAppUITestsLaunchTests.swift */; };
		EDDB6E4428CC55820068B680 /* NotesData.swift in Sources */ = {isa = PBXBuildFile; fileRef = EDDB6E4328CC55820068B680 /* NotesData.swift */; };
		EDDB6E4628CC567E0068B680 /* GetNotesAPI.swift in Sources */ = {isa = PBXBuildFile; fileRef = EDDB6E4528CC567E0068B680 /* GetNotesAPI.swift */; };
		EDDB6E4828CC5A580068B680 /* FetchNotesViewModel.swift in Sources */ = {isa = PBXBuildFile; fileRef = EDDB6E4728CC5A580068B680 /* FetchNotesViewModel.swift */; };
		EDDB6E4A28CC6E770068B680 /* NewNoteView.swift in Sources */ = {isa = PBXBuildFile; fileRef = EDDB6E4928CC6E770068B680 /* NewNoteView.swift */; };
		EDDB6E4C28CC90080068B680 /* NoteDetailedView.swift in Sources */ = {isa = PBXBuildFile; fileRef = EDDB6E4B28CC90080068B680 /* NoteDetailedView.swift */; };
		EDDB6E4E28CC9D020068B680 /* NotesGridView.swift in Sources */ = {isa = PBXBuildFile; fileRef = EDDB6E4D28CC9D020068B680 /* NotesGridView.swift */; };
		EDDB6E5028CCA25E0068B680 /* NotesItemView.swift in Sources */ = {isa = PBXBuildFile; fileRef = EDDB6E4F28CCA25E0068B680 /* NotesItemView.swift */; };
		EDDBB05F28CEED5B00E07120 /* CreateNewNoteView.swift in Sources */ = {isa = PBXBuildFile; fileRef = EDDBB05E28CEED5B00E07120 /* CreateNewNoteView.swift */; };
		EDDC312628D05F480074670A /* ImagePickerRepresentable.swift in Sources */ = {isa = PBXBuildFile; fileRef = EDDC312528D05F480074670A /* ImagePickerRepresentable.swift */; };
		EDDFBAD628D18D630030DFB9 /* CoreDataControllViewModel.swift in Sources */ = {isa = PBXBuildFile; fileRef = EDDFBAD528D18D630030DFB9 /* CoreDataControllViewModel.swift */; };
		EDDFBAD928D1B1F10030DFB9 /* NotesAppModel.xcdatamodeld in Sources */ = {isa = PBXBuildFile; fileRef = EDDFBAD728D1B1F10030DFB9 /* NotesAppModel.xcdatamodeld */; };
/* End PBXBuildFile section */

/* Begin PBXContainerItemProxy section */
		EDDB6E2228CC412F0068B680 /* PBXContainerItemProxy */ = {
			isa = PBXContainerItemProxy;
			containerPortal = EDDB6E0428CC412B0068B680 /* Project object */;
			proxyType = 1;
			remoteGlobalIDString = EDDB6E0B28CC412B0068B680;
			remoteInfo = NoteApp;
		};
		EDDB6E2C28CC412F0068B680 /* PBXContainerItemProxy */ = {
			isa = PBXContainerItemProxy;
			containerPortal = EDDB6E0428CC412B0068B680 /* Project object */;
			proxyType = 1;
			remoteGlobalIDString = EDDB6E0B28CC412B0068B680;
			remoteInfo = NoteApp;
		};
/* End PBXContainerItemProxy section */

/* Begin PBXFileReference section */
		ED6D8F5228D43E9300466105 /* NetworkManager.swift */ = {isa = PBXFileReference; lastKnownFileType = sourcecode.swift; path = NetworkManager.swift; sourceTree = "<group>"; };
		EDD0A23F28D314BD009D4563 /* NotesEntity.swift */ = {isa = PBXFileReference; lastKnownFileType = sourcecode.swift; path = NotesEntity.swift; sourceTree = "<group>"; };
		EDD0A24228D32BB5009D4563 /* ImageTransformer.swift */ = {isa = PBXFileReference; lastKnownFileType = sourcecode.swift; path = ImageTransformer.swift; sourceTree = "<group>"; };
		EDD0A24428D34105009D4563 /* CustomButton.swift */ = {isa = PBXFileReference; lastKnownFileType = sourcecode.swift; path = CustomButton.swift; sourceTree = "<group>"; };
		EDDB6E0C28CC412B0068B680 /* NoteApp.app */ = {isa = PBXFileReference; explicitFileType = wrapper.application; includeInIndex = 0; path = NoteApp.app; sourceTree = BUILT_PRODUCTS_DIR; };
		EDDB6E0F28CC412B0068B680 /* NoteAppApp.swift */ = {isa = PBXFileReference; lastKnownFileType = sourcecode.swift; path = NoteAppApp.swift; sourceTree = "<group>"; };
		EDDB6E1328CC412E0068B680 /* Assets.xcassets */ = {isa = PBXFileReference; lastKnownFileType = folder.assetcatalog; path = Assets.xcassets; sourceTree = "<group>"; };
		EDDB6E1628CC412E0068B680 /* Preview Assets.xcassets */ = {isa = PBXFileReference; lastKnownFileType = folder.assetcatalog; path = "Preview Assets.xcassets"; sourceTree = "<group>"; };
		EDDB6E2128CC412F0068B680 /* NoteAppTests.xctest */ = {isa = PBXFileReference; explicitFileType = wrapper.cfbundle; includeInIndex = 0; path = NoteAppTests.xctest; sourceTree = BUILT_PRODUCTS_DIR; };
		EDDB6E2528CC412F0068B680 /* NoteAppTests.swift */ = {isa = PBXFileReference; lastKnownFileType = sourcecode.swift; path = NoteAppTests.swift; sourceTree = "<group>"; };
		EDDB6E2B28CC412F0068B680 /* NoteAppUITests.xctest */ = {isa = PBXFileReference; explicitFileType = wrapper.cfbundle; includeInIndex = 0; path = NoteAppUITests.xctest; sourceTree = BUILT_PRODUCTS_DIR; };
		EDDB6E2F28CC412F0068B680 /* NoteAppUITests.swift */ = {isa = PBXFileReference; lastKnownFileType = sourcecode.swift; path = NoteAppUITests.swift; sourceTree = "<group>"; };
		EDDB6E3128CC412F0068B680 /* NoteAppUITestsLaunchTests.swift */ = {isa = PBXFileReference; lastKnownFileType = sourcecode.swift; path = NoteAppUITestsLaunchTests.swift; sourceTree = "<group>"; };
		EDDB6E4328CC55820068B680 /* NotesData.swift */ = {isa = PBXFileReference; lastKnownFileType = sourcecode.swift; path = NotesData.swift; sourceTree = "<group>"; };
		EDDB6E4528CC567E0068B680 /* GetNotesAPI.swift */ = {isa = PBXFileReference; lastKnownFileType = sourcecode.swift; path = GetNotesAPI.swift; sourceTree = "<group>"; };
		EDDB6E4728CC5A580068B680 /* FetchNotesViewModel.swift */ = {isa = PBXFileReference; lastKnownFileType = sourcecode.swift; path = FetchNotesViewModel.swift; sourceTree = "<group>"; };
		EDDB6E4928CC6E770068B680 /* NewNoteView.swift */ = {isa = PBXFileReference; lastKnownFileType = sourcecode.swift; path = NewNoteView.swift; sourceTree = "<group>"; };
		EDDB6E4B28CC90080068B680 /* NoteDetailedView.swift */ = {isa = PBXFileReference; lastKnownFileType = sourcecode.swift; path = NoteDetailedView.swift; sourceTree = "<group>"; };
		EDDB6E4D28CC9D020068B680 /* NotesGridView.swift */ = {isa = PBXFileReference; lastKnownFileType = sourcecode.swift; path = NotesGridView.swift; sourceTree = "<group>"; };
		EDDB6E4F28CCA25E0068B680 /* NotesItemView.swift */ = {isa = PBXFileReference; lastKnownFileType = sourcecode.swift; path = NotesItemView.swift; sourceTree = "<group>"; };
		EDDB6E5128CCBAC60068B680 /* Info.plist */ = {isa = PBXFileReference; lastKnownFileType = text.plist; path = Info.plist; sourceTree = "<group>"; };
		EDDBB05E28CEED5B00E07120 /* CreateNewNoteView.swift */ = {isa = PBXFileReference; lastKnownFileType = sourcecode.swift; path = CreateNewNoteView.swift; sourceTree = "<group>"; };
		EDDC312528D05F480074670A /* ImagePickerRepresentable.swift */ = {isa = PBXFileReference; lastKnownFileType = sourcecode.swift; path = ImagePickerRepresentable.swift; sourceTree = "<group>"; };
		EDDFBAD528D18D630030DFB9 /* CoreDataControllViewModel.swift */ = {isa = PBXFileReference; lastKnownFileType = sourcecode.swift; path = CoreDataControllViewModel.swift; sourceTree = "<group>"; };
		EDDFBAD828D1B1F10030DFB9 /* NotesAppModel.xcdatamodel */ = {isa = PBXFileReference; lastKnownFileType = wrapper.xcdatamodel; path = NotesAppModel.xcdatamodel; sourceTree = "<group>"; };
/* End PBXFileReference section */

/* Begin PBXFrameworksBuildPhase section */
		EDDB6E0928CC412B0068B680 /* Frameworks */ = {
			isa = PBXFrameworksBuildPhase;
			buildActionMask = 2147483647;
			files = (
				EDD0A24A28D34AE0009D4563 /* SimpleToast in Frameworks */,
			);
			runOnlyForDeploymentPostprocessing = 0;
		};
		EDDB6E1E28CC412F0068B680 /* Frameworks */ = {
			isa = PBXFrameworksBuildPhase;
			buildActionMask = 2147483647;
			files = (
			);
			runOnlyForDeploymentPostprocessing = 0;
		};
		EDDB6E2828CC412F0068B680 /* Frameworks */ = {
			isa = PBXFrameworksBuildPhase;
			buildActionMask = 2147483647;
			files = (
			);
			runOnlyForDeploymentPostprocessing = 0;
		};
/* End PBXFrameworksBuildPhase section */

/* Begin PBXGroup section */
		EDD0A24128D32B91009D4563 /* Utility */ = {
			isa = PBXGroup;
			children = (
				EDD0A24228D32BB5009D4563 /* ImageTransformer.swift */,
				EDD0A24428D34105009D4563 /* CustomButton.swift */,
				ED6D8F5228D43E9300466105 /* NetworkManager.swift */,
			);
			path = Utility;
			sourceTree = "<group>";
		};
		EDDB6E0328CC412B0068B680 = {
			isa = PBXGroup;
			children = (
				EDDB6E0E28CC412B0068B680 /* NoteApp */,
				EDDB6E2428CC412F0068B680 /* NoteAppTests */,
				EDDB6E2E28CC412F0068B680 /* NoteAppUITests */,
				EDDB6E0D28CC412B0068B680 /* Products */,
			);
			sourceTree = "<group>";
		};
		EDDB6E0D28CC412B0068B680 /* Products */ = {
			isa = PBXGroup;
			children = (
				EDDB6E0C28CC412B0068B680 /* NoteApp.app */,
				EDDB6E2128CC412F0068B680 /* NoteAppTests.xctest */,
				EDDB6E2B28CC412F0068B680 /* NoteAppUITests.xctest */,
			);
			name = Products;
			sourceTree = "<group>";
		};
		EDDB6E0E28CC412B0068B680 /* NoteApp */ = {
			isa = PBXGroup;
			children = (
				EDD0A24128D32B91009D4563 /* Utility */,
				EDDB6E5128CCBAC60068B680 /* Info.plist */,
				EDDB6E4228CC54520068B680 /* CoreData */,
				EDDB6E4128CC53FB0068B680 /* API */,
				EDDB6E4028CC53F20068B680 /* Model */,
				EDDB6E3F28CC53E60068B680 /* ViewModel */,
				EDDB6E3E28CC53DD0068B680 /* View */,
				EDDB6E0F28CC412B0068B680 /* NoteAppApp.swift */,
				EDDB6E1328CC412E0068B680 /* Assets.xcassets */,
				EDDB6E1528CC412E0068B680 /* Preview Content */,
			);
			path = NoteApp;
			sourceTree = "<group>";
		};
		EDDB6E1528CC412E0068B680 /* Preview Content */ = {
			isa = PBXGroup;
			children = (
				EDDB6E1628CC412E0068B680 /* Preview Assets.xcassets */,
			);
			path = "Preview Content";
			sourceTree = "<group>";
		};
		EDDB6E2428CC412F0068B680 /* NoteAppTests */ = {
			isa = PBXGroup;
			children = (
				EDDB6E2528CC412F0068B680 /* NoteAppTests.swift */,
			);
			path = NoteAppTests;
			sourceTree = "<group>";
		};
		EDDB6E2E28CC412F0068B680 /* NoteAppUITests */ = {
			isa = PBXGroup;
			children = (
				EDDB6E2F28CC412F0068B680 /* NoteAppUITests.swift */,
				EDDB6E3128CC412F0068B680 /* NoteAppUITestsLaunchTests.swift */,
			);
			path = NoteAppUITests;
			sourceTree = "<group>";
		};
		EDDB6E3E28CC53DD0068B680 /* View */ = {
			isa = PBXGroup;
			children = (
				EDDB6E4928CC6E770068B680 /* NewNoteView.swift */,
				EDDB6E4B28CC90080068B680 /* NoteDetailedView.swift */,
				EDDB6E4D28CC9D020068B680 /* NotesGridView.swift */,
				EDDB6E4F28CCA25E0068B680 /* NotesItemView.swift */,
				EDDBB05E28CEED5B00E07120 /* CreateNewNoteView.swift */,
				EDDC312528D05F480074670A /* ImagePickerRepresentable.swift */,
			);
			path = View;
			sourceTree = "<group>";
		};
		EDDB6E3F28CC53E60068B680 /* ViewModel */ = {
			isa = PBXGroup;
			children = (
				EDDB6E4728CC5A580068B680 /* FetchNotesViewModel.swift */,
				EDDFBAD528D18D630030DFB9 /* CoreDataControllViewModel.swift */,
			);
			path = ViewModel;
			sourceTree = "<group>";
		};
		EDDB6E4028CC53F20068B680 /* Model */ = {
			isa = PBXGroup;
			children = (
				EDDB6E4328CC55820068B680 /* NotesData.swift */,
				EDD0A23F28D314BD009D4563 /* NotesEntity.swift */,
			);
			path = Model;
			sourceTree = "<group>";
		};
		EDDB6E4128CC53FB0068B680 /* API */ = {
			isa = PBXGroup;
			children = (
				EDDB6E4528CC567E0068B680 /* GetNotesAPI.swift */,
			);
			path = API;
			sourceTree = "<group>";
		};
		EDDB6E4228CC54520068B680 /* CoreData */ = {
			isa = PBXGroup;
			children = (
				EDDFBAD728D1B1F10030DFB9 /* NotesAppModel.xcdatamodeld */,
			);
			path = CoreData;
			sourceTree = "<group>";
		};
/* End PBXGroup section */

/* Begin PBXNativeTarget section */
		EDDB6E0B28CC412B0068B680 /* NoteApp */ = {
			isa = PBXNativeTarget;
			buildConfigurationList = EDDB6E3528CC412F0068B680 /* Build configuration list for PBXNativeTarget "NoteApp" */;
			buildPhases = (
				EDDB6E0828CC412B0068B680 /* Sources */,
				EDDB6E0928CC412B0068B680 /* Frameworks */,
				EDDB6E0A28CC412B0068B680 /* Resources */,
			);
			buildRules = (
			);
			dependencies = (
			);
			name = NoteApp;
			packageProductDependencies = (
				EDD0A24928D34AE0009D4563 /* SimpleToast */,
			);
			productName = NoteApp;
			productReference = EDDB6E0C28CC412B0068B680 /* NoteApp.app */;
			productType = "com.apple.product-type.application";
		};
		EDDB6E2028CC412F0068B680 /* NoteAppTests */ = {
			isa = PBXNativeTarget;
			buildConfigurationList = EDDB6E3828CC412F0068B680 /* Build configuration list for PBXNativeTarget "NoteAppTests" */;
			buildPhases = (
				EDDB6E1D28CC412F0068B680 /* Sources */,
				EDDB6E1E28CC412F0068B680 /* Frameworks */,
				EDDB6E1F28CC412F0068B680 /* Resources */,
			);
			buildRules = (
			);
			dependencies = (
				EDDB6E2328CC412F0068B680 /* PBXTargetDependency */,
			);
			name = NoteAppTests;
			productName = NoteAppTests;
			productReference = EDDB6E2128CC412F0068B680 /* NoteAppTests.xctest */;
			productType = "com.apple.product-type.bundle.unit-test";
		};
		EDDB6E2A28CC412F0068B680 /* NoteAppUITests */ = {
			isa = PBXNativeTarget;
			buildConfigurationList = EDDB6E3B28CC412F0068B680 /* Build configuration list for PBXNativeTarget "NoteAppUITests" */;
			buildPhases = (
				EDDB6E2728CC412F0068B680 /* Sources */,
				EDDB6E2828CC412F0068B680 /* Frameworks */,
				EDDB6E2928CC412F0068B680 /* Resources */,
			);
			buildRules = (
			);
			dependencies = (
				EDDB6E2D28CC412F0068B680 /* PBXTargetDependency */,
			);
			name = NoteAppUITests;
			productName = NoteAppUITests;
			productReference = EDDB6E2B28CC412F0068B680 /* NoteAppUITests.xctest */;
			productType = "com.apple.product-type.bundle.ui-testing";
		};
/* End PBXNativeTarget section */

/* Begin PBXProject section */
		EDDB6E0428CC412B0068B680 /* Project object */ = {
			isa = PBXProject;
			attributes = {
				BuildIndependentTargetsInParallel = 1;
				LastSwiftUpdateCheck = 1340;
				LastUpgradeCheck = 1340;
				TargetAttributes = {
					EDDB6E0B28CC412B0068B680 = {
						CreatedOnToolsVersion = 13.4.1;
					};
					EDDB6E2028CC412F0068B680 = {
						CreatedOnToolsVersion = 13.4.1;
						TestTargetID = EDDB6E0B28CC412B0068B680;
					};
					EDDB6E2A28CC412F0068B680 = {
						CreatedOnToolsVersion = 13.4.1;
						TestTargetID = EDDB6E0B28CC412B0068B680;
					};
				};
			};
			buildConfigurationList = EDDB6E0728CC412B0068B680 /* Build configuration list for PBXProject "NoteApp" */;
			compatibilityVersion = "Xcode 13.0";
			developmentRegion = en;
			hasScannedForEncodings = 0;
			knownRegions = (
				en,
				Base,
			);
			mainGroup = EDDB6E0328CC412B0068B680;
			packageReferences = (
				EDD0A24828D34AE0009D4563 /* XCRemoteSwiftPackageReference "SimpleToast" */,
			);
			productRefGroup = EDDB6E0D28CC412B0068B680 /* Products */;
			projectDirPath = "";
			projectRoot = "";
			targets = (
				EDDB6E0B28CC412B0068B680 /* NoteApp */,
				EDDB6E2028CC412F0068B680 /* NoteAppTests */,
				EDDB6E2A28CC412F0068B680 /* NoteAppUITests */,
			);
		};
/* End PBXProject section */

/* Begin PBXResourcesBuildPhase section */
		EDDB6E0A28CC412B0068B680 /* Resources */ = {
			isa = PBXResourcesBuildPhase;
			buildActionMask = 2147483647;
			files = (
				EDDB6E1728CC412E0068B680 /* Preview Assets.xcassets in Resources */,
				EDDB6E1428CC412E0068B680 /* Assets.xcassets in Resources */,
			);
			runOnlyForDeploymentPostprocessing = 0;
		};
		EDDB6E1F28CC412F0068B680 /* Resources */ = {
			isa = PBXResourcesBuildPhase;
			buildActionMask = 2147483647;
			files = (
			);
			runOnlyForDeploymentPostprocessing = 0;
		};
		EDDB6E2928CC412F0068B680 /* Resources */ = {
			isa = PBXResourcesBuildPhase;
			buildActionMask = 2147483647;
			files = (
			);
			runOnlyForDeploymentPostprocessing = 0;
		};
/* End PBXResourcesBuildPhase section */

/* Begin PBXSourcesBuildPhase section */
		EDDB6E0828CC412B0068B680 /* Sources */ = {
			isa = PBXSourcesBuildPhase;
			buildActionMask = 2147483647;
			files = (
				EDDB6E4828CC5A580068B680 /* FetchNotesViewModel.swift in Sources */,
				EDDB6E5028CCA25E0068B680 /* NotesItemView.swift in Sources */,
				EDDB6E4628CC567E0068B680 /* GetNotesAPI.swift in Sources */,
				EDDB6E4C28CC90080068B680 /* NoteDetailedView.swift in Sources */,
				ED6D8F5328D43E9300466105 /* NetworkManager.swift in Sources */,
				EDD0A24028D314BD009D4563 /* NotesEntity.swift in Sources */,
				EDDFBAD628D18D630030DFB9 /* CoreDataControllViewModel.swift in Sources */,
				EDDB6E1028CC412B0068B680 /* NoteAppApp.swift in Sources */,
				EDDB6E4E28CC9D020068B680 /* NotesGridView.swift in Sources */,
				EDDBB05F28CEED5B00E07120 /* CreateNewNoteView.swift in Sources */,
				EDD0A24328D32BB5009D4563 /* ImageTransformer.swift in Sources */,
				EDDC312628D05F480074670A /* ImagePickerRepresentable.swift in Sources */,
				EDDB6E4428CC55820068B680 /* NotesData.swift in Sources */,
				EDDB6E4A28CC6E770068B680 /* NewNoteView.swift in Sources */,
				EDDFBAD928D1B1F10030DFB9 /* NotesAppModel.xcdatamodeld in Sources */,
				EDD0A24528D34105009D4563 /* CustomButton.swift in Sources */,
			);
			runOnlyForDeploymentPostprocessing = 0;
		};
		EDDB6E1D28CC412F0068B680 /* Sources */ = {
			isa = PBXSourcesBuildPhase;
			buildActionMask = 2147483647;
			files = (
				EDDB6E2628CC412F0068B680 /* NoteAppTests.swift in Sources */,
			);
			runOnlyForDeploymentPostprocessing = 0;
		};
		EDDB6E2728CC412F0068B680 /* Sources */ = {
			isa = PBXSourcesBuildPhase;
			buildActionMask = 2147483647;
			files = (
				EDDB6E3228CC412F0068B680 /* NoteAppUITestsLaunchTests.swift in Sources */,
				EDDB6E3028CC412F0068B680 /* NoteAppUITests.swift in Sources */,
			);
			runOnlyForDeploymentPostprocessing = 0;
		};
/* End PBXSourcesBuildPhase section */

/* Begin PBXTargetDependency section */
		EDDB6E2328CC412F0068B680 /* PBXTargetDependency */ = {
			isa = PBXTargetDependency;
			target = EDDB6E0B28CC412B0068B680 /* NoteApp */;
			targetProxy = EDDB6E2228CC412F0068B680 /* PBXContainerItemProxy */;
		};
		EDDB6E2D28CC412F0068B680 /* PBXTargetDependency */ = {
			isa = PBXTargetDependency;
			target = EDDB6E0B28CC412B0068B680 /* NoteApp */;
			targetProxy = EDDB6E2C28CC412F0068B680 /* PBXContainerItemProxy */;
		};
/* End PBXTargetDependency section */

/* Begin XCBuildConfiguration section */
		EDDB6E3328CC412F0068B680 /* Debug */ = {
			isa = XCBuildConfiguration;
			buildSettings = {
				ALWAYS_SEARCH_USER_PATHS = NO;
				CLANG_ANALYZER_NONNULL = YES;
				CLANG_ANALYZER_NUMBER_OBJECT_CONVERSION = YES_AGGRESSIVE;
				CLANG_CXX_LANGUAGE_STANDARD = "gnu++17";
				CLANG_ENABLE_MODULES = YES;
				CLANG_ENABLE_OBJC_ARC = YES;
				CLANG_ENABLE_OBJC_WEAK = YES;
				CLANG_WARN_BLOCK_CAPTURE_AUTORELEASING = YES;
				CLANG_WARN_BOOL_CONVERSION = YES;
				CLANG_WARN_COMMA = YES;
				CLANG_WARN_CONSTANT_CONVERSION = YES;
				CLANG_WARN_DEPRECATED_OBJC_IMPLEMENTATIONS = YES;
				CLANG_WARN_DIRECT_OBJC_ISA_USAGE = YES_ERROR;
				CLANG_WARN_DOCUMENTATION_COMMENTS = YES;
				CLANG_WARN_EMPTY_BODY = YES;
				CLANG_WARN_ENUM_CONVERSION = YES;
				CLANG_WARN_INFINITE_RECURSION = YES;
				CLANG_WARN_INT_CONVERSION = YES;
				CLANG_WARN_NON_LITERAL_NULL_CONVERSION = YES;
				CLANG_WARN_OBJC_IMPLICIT_RETAIN_SELF = YES;
				CLANG_WARN_OBJC_LITERAL_CONVERSION = YES;
				CLANG_WARN_OBJC_ROOT_CLASS = YES_ERROR;
				CLANG_WARN_QUOTED_INCLUDE_IN_FRAMEWORK_HEADER = YES;
				CLANG_WARN_RANGE_LOOP_ANALYSIS = YES;
				CLANG_WARN_STRICT_PROTOTYPES = YES;
				CLANG_WARN_SUSPICIOUS_MOVE = YES;
				CLANG_WARN_UNGUARDED_AVAILABILITY = YES_AGGRESSIVE;
				CLANG_WARN_UNREACHABLE_CODE = YES;
				CLANG_WARN__DUPLICATE_METHOD_MATCH = YES;
				COPY_PHASE_STRIP = NO;
				DEBUG_INFORMATION_FORMAT = dwarf;
				ENABLE_STRICT_OBJC_MSGSEND = YES;
				ENABLE_TESTABILITY = YES;
				GCC_C_LANGUAGE_STANDARD = gnu11;
				GCC_DYNAMIC_NO_PIC = NO;
				GCC_NO_COMMON_BLOCKS = YES;
				GCC_OPTIMIZATION_LEVEL = 0;
				GCC_PREPROCESSOR_DEFINITIONS = (
					"DEBUG=1",
					"$(inherited)",
				);
				GCC_WARN_64_TO_32_BIT_CONVERSION = YES;
				GCC_WARN_ABOUT_RETURN_TYPE = YES_ERROR;
				GCC_WARN_UNDECLARED_SELECTOR = YES;
				GCC_WARN_UNINITIALIZED_AUTOS = YES_AGGRESSIVE;
				GCC_WARN_UNUSED_FUNCTION = YES;
				GCC_WARN_UNUSED_VARIABLE = YES;
				IPHONEOS_DEPLOYMENT_TARGET = 15.5;
				MTL_ENABLE_DEBUG_INFO = INCLUDE_SOURCE;
				MTL_FAST_MATH = YES;
				ONLY_ACTIVE_ARCH = YES;
				SDKROOT = iphoneos;
				SWIFT_ACTIVE_COMPILATION_CONDITIONS = DEBUG;
				SWIFT_OPTIMIZATION_LEVEL = "-Onone";
			};
			name = Debug;
		};
		EDDB6E3428CC412F0068B680 /* Release */ = {
			isa = XCBuildConfiguration;
			buildSettings = {
				ALWAYS_SEARCH_USER_PATHS = NO;
				CLANG_ANALYZER_NONNULL = YES;
				CLANG_ANALYZER_NUMBER_OBJECT_CONVERSION = YES_AGGRESSIVE;
				CLANG_CXX_LANGUAGE_STANDARD = "gnu++17";
				CLANG_ENABLE_MODULES = YES;
				CLANG_ENABLE_OBJC_ARC = YES;
				CLANG_ENABLE_OBJC_WEAK = YES;
				CLANG_WARN_BLOCK_CAPTURE_AUTORELEASING = YES;
				CLANG_WARN_BOOL_CONVERSION = YES;
				CLANG_WARN_COMMA = YES;
				CLANG_WARN_CONSTANT_CONVERSION = YES;
				CLANG_WARN_DEPRECATED_OBJC_IMPLEMENTATIONS = YES;
				CLANG_WARN_DIRECT_OBJC_ISA_USAGE = YES_ERROR;
				CLANG_WARN_DOCUMENTATION_COMMENTS = YES;
				CLANG_WARN_EMPTY_BODY = YES;
				CLANG_WARN_ENUM_CONVERSION = YES;
				CLANG_WARN_INFINITE_RECURSION = YES;
				CLANG_WARN_INT_CONVERSION = YES;
				CLANG_WARN_NON_LITERAL_NULL_CONVERSION = YES;
				CLANG_WARN_OBJC_IMPLICIT_RETAIN_SELF = YES;
				CLANG_WARN_OBJC_LITERAL_CONVERSION = YES;
				CLANG_WARN_OBJC_ROOT_CLASS = YES_ERROR;
				CLANG_WARN_QUOTED_INCLUDE_IN_FRAMEWORK_HEADER = YES;
				CLANG_WARN_RANGE_LOOP_ANALYSIS = YES;
				CLANG_WARN_STRICT_PROTOTYPES = YES;
				CLANG_WARN_SUSPICIOUS_MOVE = YES;
				CLANG_WARN_UNGUARDED_AVAILABILITY = YES_AGGRESSIVE;
				CLANG_WARN_UNREACHABLE_CODE = YES;
				CLANG_WARN__DUPLICATE_METHOD_MATCH = YES;
				COPY_PHASE_STRIP = NO;
				DEBUG_INFORMATION_FORMAT = "dwarf-with-dsym";
				ENABLE_NS_ASSERTIONS = NO;
				ENABLE_STRICT_OBJC_MSGSEND = YES;
				GCC_C_LANGUAGE_STANDARD = gnu11;
				GCC_NO_COMMON_BLOCKS = YES;
				GCC_WARN_64_TO_32_BIT_CONVERSION = YES;
				GCC_WARN_ABOUT_RETURN_TYPE = YES_ERROR;
				GCC_WARN_UNDECLARED_SELECTOR = YES;
				GCC_WARN_UNINITIALIZED_AUTOS = YES_AGGRESSIVE;
				GCC_WARN_UNUSED_FUNCTION = YES;
				GCC_WARN_UNUSED_VARIABLE = YES;
				IPHONEOS_DEPLOYMENT_TARGET = 15.5;
				MTL_ENABLE_DEBUG_INFO = NO;
				MTL_FAST_MATH = YES;
				SDKROOT = iphoneos;
				SWIFT_COMPILATION_MODE = wholemodule;
				SWIFT_OPTIMIZATION_LEVEL = "-O";
				VALIDATE_PRODUCT = YES;
			};
			name = Release;
		};
		EDDB6E3628CC412F0068B680 /* Debug */ = {
			isa = XCBuildConfiguration;
			buildSettings = {
				ASSETCATALOG_COMPILER_APPICON_NAME = AppIcon;
				ASSETCATALOG_COMPILER_GLOBAL_ACCENT_COLOR_NAME = AccentColor;
				CODE_SIGN_STYLE = Automatic;
				CURRENT_PROJECT_VERSION = 1;
				DEVELOPMENT_ASSET_PATHS = "\"NoteApp/Preview Content\"";
				DEVELOPMENT_TEAM = 6W2VTUKAAS;
				ENABLE_PREVIEWS = YES;
				GENERATE_INFOPLIST_FILE = YES;
				INFOPLIST_FILE = NoteApp/Info.plist;
				INFOPLIST_KEY_CFBundleDisplayName = NoteApp;
				INFOPLIST_KEY_LSApplicationCategoryType = "public.app-category.books";
				INFOPLIST_KEY_UIApplicationSupportsIndirectInputEvents = YES;
				INFOPLIST_KEY_UILaunchScreen_Generation = YES;
				INFOPLIST_KEY_UISupportedInterfaceOrientations = UIInterfaceOrientationPortrait;
				IPHONEOS_DEPLOYMENT_TARGET = 15.0;
				LD_RUNPATH_SEARCH_PATHS = (
					"$(inherited)",
					"@executable_path/Frameworks",
				);
				MARKETING_VERSION = 1.0;
				PRODUCT_BUNDLE_IDENTIFIER = "com.vinoth-priyan.NoteApp";
				PRODUCT_NAME = "$(TARGET_NAME)";
				SUPPORTED_PLATFORMS = "iphoneos iphonesimulator";
				SUPPORTS_MACCATALYST = NO;
				SUPPORTS_MAC_DESIGNED_FOR_IPHONE_IPAD = NO;
				SWIFT_EMIT_LOC_STRINGS = YES;
				SWIFT_VERSION = 5.0;
				TARGETED_DEVICE_FAMILY = "1,2";
			};
			name = Debug;
		};
		EDDB6E3728CC412F0068B680 /* Release */ = {
			isa = XCBuildConfiguration;
			buildSettings = {
				ASSETCATALOG_COMPILER_APPICON_NAME = AppIcon;
				ASSETCATALOG_COMPILER_GLOBAL_ACCENT_COLOR_NAME = AccentColor;
				CODE_SIGN_STYLE = Automatic;
				CURRENT_PROJECT_VERSION = 1;
				DEVELOPMENT_ASSET_PATHS = "\"NoteApp/Preview Content\"";
				DEVELOPMENT_TEAM = 6W2VTUKAAS;
				ENABLE_PREVIEWS = YES;
				GENERATE_INFOPLIST_FILE = YES;
				INFOPLIST_FILE = NoteApp/Info.plist;
				INFOPLIST_KEY_CFBundleDisplayName = NoteApp;
				INFOPLIST_KEY_LSApplicationCategoryType = "public.app-category.books";
				INFOPLIST_KEY_UIApplicationSupportsIndirectInputEvents = YES;
				INFOPLIST_KEY_UILaunchScreen_Generation = YES;
				INFOPLIST_KEY_UISupportedInterfaceOrientations = UIInterfaceOrientationPortrait;
				IPHONEOS_DEPLOYMENT_TARGET = 15.0;
				LD_RUNPATH_SEARCH_PATHS = (
					"$(inherited)",
					"@executable_path/Frameworks",
				);
				MARKETING_VERSION = 1.0;
				PRODUCT_BUNDLE_IDENTIFIER = "com.vinoth-priyan.NoteApp";
				PRODUCT_NAME = "$(TARGET_NAME)";
				SUPPORTED_PLATFORMS = "iphoneos iphonesimulator";
				SUPPORTS_MACCATALYST = NO;
				SUPPORTS_MAC_DESIGNED_FOR_IPHONE_IPAD = NO;
				SWIFT_EMIT_LOC_STRINGS = YES;
				SWIFT_VERSION = 5.0;
				TARGETED_DEVICE_FAMILY = "1,2";
			};
			name = Release;
		};
		EDDB6E3928CC412F0068B680 /* Debug */ = {
			isa = XCBuildConfiguration;
			buildSettings = {
				ALWAYS_EMBED_SWIFT_STANDARD_LIBRARIES = YES;
				BUNDLE_LOADER = "$(TEST_HOST)";
				CODE_SIGN_STYLE = Automatic;
				CURRENT_PROJECT_VERSION = 1;
				DEVELOPMENT_TEAM = 6W2VTUKAAS;
				GENERATE_INFOPLIST_FILE = YES;
				IPHONEOS_DEPLOYMENT_TARGET = 15.5;
				MARKETING_VERSION = 1.0;
				PRODUCT_BUNDLE_IDENTIFIER = "com.vinoth-priyan.NoteAppTests";
				PRODUCT_NAME = "$(TARGET_NAME)";
				SWIFT_EMIT_LOC_STRINGS = NO;
				SWIFT_VERSION = 5.0;
				TARGETED_DEVICE_FAMILY = "1,2";
				TEST_HOST = "$(BUILT_PRODUCTS_DIR)/NoteApp.app/NoteApp";
			};
			name = Debug;
		};
		EDDB6E3A28CC412F0068B680 /* Release */ = {
			isa = XCBuildConfiguration;
			buildSettings = {
				ALWAYS_EMBED_SWIFT_STANDARD_LIBRARIES = YES;
				BUNDLE_LOADER = "$(TEST_HOST)";
				CODE_SIGN_STYLE = Automatic;
				CURRENT_PROJECT_VERSION = 1;
				DEVELOPMENT_TEAM = 6W2VTUKAAS;
				GENERATE_INFOPLIST_FILE = YES;
				IPHONEOS_DEPLOYMENT_TARGET = 15.5;
				MARKETING_VERSION = 1.0;
				PRODUCT_BUNDLE_IDENTIFIER = "com.vinoth-priyan.NoteAppTests";
				PRODUCT_NAME = "$(TARGET_NAME)";
				SWIFT_EMIT_LOC_STRINGS = NO;
				SWIFT_VERSION = 5.0;
				TARGETED_DEVICE_FAMILY = "1,2";
				TEST_HOST = "$(BUILT_PRODUCTS_DIR)/NoteApp.app/NoteApp";
			};
			name = Release;
		};
		EDDB6E3C28CC412F0068B680 /* Debug */ = {
			isa = XCBuildConfiguration;
			buildSettings = {
				ALWAYS_EMBED_SWIFT_STANDARD_LIBRARIES = YES;
				CODE_SIGN_STYLE = Automatic;
				CURRENT_PROJECT_VERSION = 1;
				DEVELOPMENT_TEAM = 6W2VTUKAAS;
				GENERATE_INFOPLIST_FILE = YES;
				MARKETING_VERSION = 1.0;
				PRODUCT_BUNDLE_IDENTIFIER = "com.vinoth-priyan.NoteAppUITests";
				PRODUCT_NAME = "$(TARGET_NAME)";
				SWIFT_EMIT_LOC_STRINGS = NO;
				SWIFT_VERSION = 5.0;
				TARGETED_DEVICE_FAMILY = "1,2";
				TEST_TARGET_NAME = NoteApp;
			};
			name = Debug;
		};
		EDDB6E3D28CC412F0068B680 /* Release */ = {
			isa = XCBuildConfiguration;
			buildSettings = {
				ALWAYS_EMBED_SWIFT_STANDARD_LIBRARIES = YES;
				CODE_SIGN_STYLE = Automatic;
				CURRENT_PROJECT_VERSION = 1;
				DEVELOPMENT_TEAM = 6W2VTUKAAS;
				GENERATE_INFOPLIST_FILE = YES;
				MARKETING_VERSION = 1.0;
				PRODUCT_BUNDLE_IDENTIFIER = "com.vinoth-priyan.NoteAppUITests";
				PRODUCT_NAME = "$(TARGET_NAME)";
				SWIFT_EMIT_LOC_STRINGS = NO;
				SWIFT_VERSION = 5.0;
				TARGETED_DEVICE_FAMILY = "1,2";
				TEST_TARGET_NAME = NoteApp;
			};
			name = Release;
		};
/* End XCBuildConfiguration section */

/* Begin XCConfigurationList section */
		EDDB6E0728CC412B0068B680 /* Build configuration list for PBXProject "NoteApp" */ = {
			isa = XCConfigurationList;
			buildConfigurations = (
				EDDB6E3328CC412F0068B680 /* Debug */,
				EDDB6E3428CC412F0068B680 /* Release */,
			);
			defaultConfigurationIsVisible = 0;
			defaultConfigurationName = Release;
		};
		EDDB6E3528CC412F0068B680 /* Build configuration list for PBXNativeTarget "NoteApp" */ = {
			isa = XCConfigurationList;
			buildConfigurations = (
				EDDB6E3628CC412F0068B680 /* Debug */,
				EDDB6E3728CC412F0068B680 /* Release */,
			);
			defaultConfigurationIsVisible = 0;
			defaultConfigurationName = Release;
		};
		EDDB6E3828CC412F0068B680 /* Build configuration list for PBXNativeTarget "NoteAppTests" */ = {
			isa = XCConfigurationList;
			buildConfigurations = (
				EDDB6E3928CC412F0068B680 /* Debug */,
				EDDB6E3A28CC412F0068B680 /* Release */,
			);
			defaultConfigurationIsVisible = 0;
			defaultConfigurationName = Release;
		};
		EDDB6E3B28CC412F0068B680 /* Build configuration list for PBXNativeTarget "NoteAppUITests" */ = {
			isa = XCConfigurationList;
			buildConfigurations = (
				EDDB6E3C28CC412F0068B680 /* Debug */,
				EDDB6E3D28CC412F0068B680 /* Release */,
			);
			defaultConfigurationIsVisible = 0;
			defaultConfigurationName = Release;
		};
/* End XCConfigurationList section */

/* Begin XCRemoteSwiftPackageReference section */
		EDD0A24828D34AE0009D4563 /* XCRemoteSwiftPackageReference "SimpleToast" */ = {
			isa = XCRemoteSwiftPackageReference;
			repositoryURL = "https://github.com/sanzaru/SimpleToast";
			requirement = {
				kind = upToNextMajorVersion;
				minimumVersion = 0.6.2;
			};
		};
/* End XCRemoteSwiftPackageReference section */

/* Begin XCSwiftPackageProductDependency section */
		EDD0A24928D34AE0009D4563 /* SimpleToast */ = {
			isa = XCSwiftPackageProductDependency;
			package = EDD0A24828D34AE0009D4563 /* XCRemoteSwiftPackageReference "SimpleToast" */;
			productName = SimpleToast;
		};
/* End XCSwiftPackageProductDependency section */

/* Begin XCVersionGroup section */
		EDDFBAD728D1B1F10030DFB9 /* NotesAppModel.xcdatamodeld */ = {
			isa = XCVersionGroup;
			children = (
				EDDFBAD828D1B1F10030DFB9 /* NotesAppModel.xcdatamodel */,
			);
			currentVersion = EDDFBAD828D1B1F10030DFB9 /* NotesAppModel.xcdatamodel */;
			path = NotesAppModel.xcdatamodeld;
			sourceTree = "<group>";
			versionGroupType = wrapper.xcdatamodel;
		};
/* End XCVersionGroup section */
	};
	rootObject = EDDB6E0428CC412B0068B680 /* Project object */;
}
